
Microsoft Visual Studio Solution File, Format Version 12.00
# Visual Studio Version 17
VisualStudioVersion = 17.7.34202.233
MinimumVisualStudioVersion = 10.0.40219.1
Project("{FAE04EC0-301F-11D3-BF4B-00C04F79EFBC}") = "NetLib", "NetLib.csproj", "{37B96EEB-2AF5-44FC-AA8E-24B8FC6EAD45}"
EndProject
Global
	GlobalSection(SolutionConfigurationPlatforms) = preSolution
		Debug|Any CPU = Debug|Any CPU
		Release|Any CPU = Release|Any CPU
	EndGlobalSection
	GlobalSection(ProjectConfigurationPlatforms) = postSolution
		{37B96EEB-2AF5-44FC-AA8E-24B8FC6EAD45}.Debug|Any CPU.ActiveCfg = Debug|Any CPU
		{37B96EEB-2AF5-44FC-AA8E-24B8FC6EAD45}.Debug|Any CPU.Build.0 = Debug|Any CPU
		{37B96EEB-2AF5-44FC-AA8E-24B8FC6EAD45}.Release|Any CPU.ActiveCfg = Release|Any CPU
		{37B96EEB-2AF5-44FC-AA8E-24B8FC6EAD45}.Release|Any CPU.Build.0 = Release|Any CPU
	EndGlobalSection
	GlobalSection(SolutionProperties) = preSolution
		HideSolutionNode = FALSE
	EndGlobalSection
	GlobalSection(ExtensibilityGlobals) = postSolution
		SolutionGuid = {F435B32F-EA54-41CE-A1D0-80057C51987B}
	EndGlobalSection
EndGlobal
